
Microsoft Visual Studio Solution File, Format Version 12.00
# Visual Studio Version 17
VisualStudioVersion = 17.8.34309.116
MinimumVisualStudioVersion = 10.0.40219.1
Project("{F184B08F-C81C-45F6-A57F-5ABD9991F28F}") = "ReverseNumber", "ReverseNumber\ReverseNumber.vbproj", "{4CF87109-C34E-472C-96C0-4183B57E2460}"
EndProject
Global
	GlobalSection(SolutionConfigurationPlatforms) = preSolution
		Debug|Any CPU = Debug|Any CPU
		Release|Any CPU = Release|Any CPU
	EndGlobalSection
	GlobalSection(ProjectConfigurationPlatforms) = postSolution
		{4CF87109-C34E-472C-96C0-4183B57E2460}.Debug|Any CPU.ActiveCfg = Debug|Any CPU
		{4CF87109-C34E-472C-96C0-4183B57E2460}.Debug|Any CPU.Build.0 = Debug|Any CPU
		{4CF87109-C34E-472C-96C0-4183B57E2460}.Release|Any CPU.ActiveCfg = Release|Any CPU
		{4CF87109-C34E-472C-96C0-4183B57E2460}.Release|Any CPU.Build.0 = Release|Any CPU
	EndGlobalSection
	GlobalSection(SolutionProperties) = preSolution
		HideSolutionNode = FALSE
	EndGlobalSection
	GlobalSection(ExtensibilityGlobals) = postSolution
		SolutionGuid = {BC92747C-D01B-41FB-A350-4D2139926917}
	EndGlobalSection
EndGlobal
